
Microsoft Visual Studio Solution File, Format Version 12.00
# Visual Studio Version 16
VisualStudioVersion = 16.0.30517.126
MinimumVisualStudioVersion = 10.0.40219.1
Project("{FAE04EC0-301F-11D3-BF4B-00C04F79EFBC}") = "NetServer", "NetServer\NetServer.csproj", "{6396F584-E986-4B50-80C0-4941B2BAF71B}"
EndProject
Project("{FAE04EC0-301F-11D3-BF4B-00C04F79EFBC}") = "AndroidClient", "AndroidClient\AndroidClient.csproj", "{46F9225B-B55D-42FD-8F19-573312931F4B}"
EndProject
Project("{FAE04EC0-301F-11D3-BF4B-00C04F79EFBC}") = "KonfigGUI", "KonfigGUI\KonfigGUI.csproj", "{37F044C5-8127-4997-BA59-960C74349288}"
EndProject
Global
	GlobalSection(SolutionConfigurationPlatforms) = preSolution
		Debug|Any CPU = Debug|Any CPU
		Release|Any CPU = Release|Any CPU
	EndGlobalSection
	GlobalSection(ProjectConfigurationPlatforms) = postSolution
		{6396F584-E986-4B50-80C0-4941B2BAF71B}.Debug|Any CPU.ActiveCfg = Debug|Any CPU
		{6396F584-E986-4B50-80C0-4941B2BAF71B}.Debug|Any CPU.Build.0 = Debug|Any CPU
		{6396F584-E986-4B50-80C0-4941B2BAF71B}.Release|Any CPU.ActiveCfg = Release|Any CPU
		{6396F584-E986-4B50-80C0-4941B2BAF71B}.Release|Any CPU.Build.0 = Release|Any CPU
		{46F9225B-B55D-42FD-8F19-573312931F4B}.Debug|Any CPU.ActiveCfg = Debug|Any CPU
		{46F9225B-B55D-42FD-8F19-573312931F4B}.Debug|Any CPU.Build.0 = Debug|Any CPU
		{46F9225B-B55D-42FD-8F19-573312931F4B}.Release|Any CPU.ActiveCfg = Release|Any CPU
		{46F9225B-B55D-42FD-8F19-573312931F4B}.Release|Any CPU.Build.0 = Release|Any CPU
		{37F044C5-8127-4997-BA59-960C74349288}.Debug|Any CPU.ActiveCfg = Debug|Any CPU
		{37F044C5-8127-4997-BA59-960C74349288}.Debug|Any CPU.Build.0 = Debug|Any CPU
		{37F044C5-8127-4997-BA59-960C74349288}.Release|Any CPU.ActiveCfg = Release|Any CPU
		{37F044C5-8127-4997-BA59-960C74349288}.Release|Any CPU.Build.0 = Release|Any CPU
	EndGlobalSection
	GlobalSection(SolutionProperties) = preSolution
		HideSolutionNode = FALSE
	EndGlobalSection
	GlobalSection(ExtensibilityGlobals) = postSolution
		SolutionGuid = {2AB5EC7E-2911-4EA2-8341-921F36077422}
	EndGlobalSection
EndGlobal
